// !$*UTF8*$!
{
	archiveVersion = 1;
	classes = {
	};
	objectVersion = 56;
	objects = {

/* Begin PBXBuildFile section */
		4209339F2BFCA4A900172010 /* PushNotification.swift in Sources */ = {isa = PBXBuildFile; fileRef = 4209339E2BFCA4A900172010 /* PushNotification.swift */; };
		420933A12BFCA54200172010 /* FirebaseMessaging in Frameworks */ = {isa = PBXBuildFile; productRef = 420933A02BFCA54200172010 /* FirebaseMessaging */; };
		420933A32BFCAC9300172010 /* GoogleService-Info.plist in Resources */ = {isa = PBXBuildFile; fileRef = 420933A22BFCAC9300172010 /* GoogleService-Info.plist */; };
		421652FD2BD23ED00078DA83 /* SigninView.swift in Sources */ = {isa = PBXBuildFile; fileRef = 421652FC2BD23ED00078DA83 /* SigninView.swift */; };
		426B53572B58B6ED00BDE077 /* QRCheckButton.swift in Sources */ = {isa = PBXBuildFile; fileRef = 426B53562B58B6ED00BDE077 /* QRCheckButton.swift */; };
		426B535D2B5E9D8300BDE077 /* SettingsView.swift in Sources */ = {isa = PBXBuildFile; fileRef = 426B535C2B5E9D8300BDE077 /* SettingsView.swift */; };
		426B535F2B5F880000BDE077 /* RequestView.swift in Sources */ = {isa = PBXBuildFile; fileRef = 426B535E2B5F880000BDE077 /* RequestView.swift */; };
		426B53612B5F8AAF00BDE077 /* SleepOverView.swift in Sources */ = {isa = PBXBuildFile; fileRef = 426B53602B5F8AAF00BDE077 /* SleepOverView.swift */; };
		426B53632B5F8AB700BDE077 /* LeaveOutView.swift in Sources */ = {isa = PBXBuildFile; fileRef = 426B53622B5F8AB700BDE077 /* LeaveOutView.swift */; };
		426B53672B5F8D2400BDE077 /* DatePickerCell.swift in Sources */ = {isa = PBXBuildFile; fileRef = 426B53662B5F8D2400BDE077 /* DatePickerCell.swift */; };
		426B53692B5FAC5C00BDE077 /* TimeCell.swift in Sources */ = {isa = PBXBuildFile; fileRef = 426B53682B5FAC5C00BDE077 /* TimeCell.swift */; };
		426B536B2B5FACDA00BDE077 /* ReasonCell.swift in Sources */ = {isa = PBXBuildFile; fileRef = 426B536A2B5FACDA00BDE077 /* ReasonCell.swift */; };
		4290BE152BD15273008B6D65 /* SigninButton.swift in Sources */ = {isa = PBXBuildFile; fileRef = 4290BE142BD15273008B6D65 /* SigninButton.swift */; };
		42AEB7372B56503600C6B1CB /* SchoolSelectionViewModel.swift in Sources */ = {isa = PBXBuildFile; fileRef = 42AEB7362B56503600C6B1CB /* SchoolSelectionViewModel.swift */; };
		42AEB7392B56506800C6B1CB /* SchoolSelectionModel.swift in Sources */ = {isa = PBXBuildFile; fileRef = 42AEB7382B56506800C6B1CB /* SchoolSelectionModel.swift */; };
		42AEB73B2B5664C200C6B1CB /* PersonalDataCell.swift in Sources */ = {isa = PBXBuildFile; fileRef = 42AEB73A2B5664C200C6B1CB /* PersonalDataCell.swift */; };
		42D500032B8C5594005EE62B /* SigninTextField.swift in Sources */ = {isa = PBXBuildFile; fileRef = 42D500022B8C5594005EE62B /* SigninTextField.swift */; };
		453B00F82B561FCA001C043C /* SchoolSelectionCell.swift in Sources */ = {isa = PBXBuildFile; fileRef = 453B00F72B561FCA001C043C /* SchoolSelectionCell.swift */; };
		453B00FA2B56278E001C043C /* SchoolAskButton.swift in Sources */ = {isa = PBXBuildFile; fileRef = 453B00F92B56278E001C043C /* SchoolAskButton.swift */; };
		453B00FD2B562B5B001C043C /* FontExt.swift in Sources */ = {isa = PBXBuildFile; fileRef = 453B00FC2B562B5B001C043C /* FontExt.swift */; };
		453B00FF2B562FC3001C043C /* ColorExt.swift in Sources */ = {isa = PBXBuildFile; fileRef = 453B00FE2B562FC3001C043C /* ColorExt.swift */; };
		453B01012B56662B001C043C /* PersonalDataModel.swift in Sources */ = {isa = PBXBuildFile; fileRef = 453B01002B56662B001C043C /* PersonalDataModel.swift */; };
		453B01032B5666BE001C043C /* PersonalDataViewModel.swift in Sources */ = {isa = PBXBuildFile; fileRef = 453B01022B5666BE001C043C /* PersonalDataViewModel.swift */; };
		453B01092B579A2A001C043C /* NextButton.swift in Sources */ = {isa = PBXBuildFile; fileRef = 453B01082B579A2A001C043C /* NextButton.swift */; };
		453B010B2B579F4E001C043C /* ViewExt.swift in Sources */ = {isa = PBXBuildFile; fileRef = 453B010A2B579F4E001C043C /* ViewExt.swift */; };
		453B01112B58E12A001C043C /* MainView.swift in Sources */ = {isa = PBXBuildFile; fileRef = 453B01102B58E12A001C043C /* MainView.swift */; };
		453B01722B5E222E001C043C /* ProfileView.swift in Sources */ = {isa = PBXBuildFile; fileRef = 453B01712B5E222E001C043C /* ProfileView.swift */; };
		453B01742B5E24BA001C043C /* ProfileCell.swift in Sources */ = {isa = PBXBuildFile; fileRef = 453B01732B5E24BA001C043C /* ProfileCell.swift */; };
		453B01762B5F6F9A001C043C /* PersonalInfoView.swift in Sources */ = {isa = PBXBuildFile; fileRef = 453B01752B5F6F9A001C043C /* PersonalInfoView.swift */; };
		453B01782B5F71D2001C043C /* GetInfoTextField.swift in Sources */ = {isa = PBXBuildFile; fileRef = 453B01772B5F71D2001C043C /* GetInfoTextField.swift */; };
		455B01432BD262D8001DEF2E /* FirstSignupView.swift in Sources */ = {isa = PBXBuildFile; fileRef = 455B01422BD262D8001DEF2E /* FirstSignupView.swift */; };
		45B391CF2B8B480800F784BB /* ProfileModel.swift in Sources */ = {isa = PBXBuildFile; fileRef = 45B391CE2B8B480800F784BB /* ProfileModel.swift */; };
		7509BB152B4B88A5005A62AD /* QVickApp.swift in Sources */ = {isa = PBXBuildFile; fileRef = 7509BB142B4B88A5005A62AD /* QVickApp.swift */; };
		7509BB172B4B88A5005A62AD /* ContentView.swift in Sources */ = {isa = PBXBuildFile; fileRef = 7509BB162B4B88A5005A62AD /* ContentView.swift */; };
		7509BB192B4B88A7005A62AD /* Assets.xcassets in Resources */ = {isa = PBXBuildFile; fileRef = 7509BB182B4B88A7005A62AD /* Assets.xcassets */; };
		7513C51B2B56534200A198E3 /* SchoolSelectionView.swift in Sources */ = {isa = PBXBuildFile; fileRef = 7513C51A2B56534200A198E3 /* SchoolSelectionView.swift */; };
		7513C51D2B56764200A198E3 /* PersonalDataView.swift in Sources */ = {isa = PBXBuildFile; fileRef = 7513C51C2B56764200A198E3 /* PersonalDataView.swift */; };
		7513C5202B57753D00A198E3 /* Alamofire in Frameworks */ = {isa = PBXBuildFile; productRef = 7513C51F2B57753D00A198E3 /* Alamofire */; };
		7519FD2D2B83472A00443062 /* ApiContent.plist in Resources */ = {isa = PBXBuildFile; fileRef = 7519FD2C2B83472A00443062 /* ApiContent.plist */; };
		75413FAD2BD40B3D00A2C31D /* SigninModel.swift in Sources */ = {isa = PBXBuildFile; fileRef = 75413FAC2BD40B3D00A2C31D /* SigninModel.swift */; };
		754AF4352BE137C8004D68E9 /* KeyChain.swift in Sources */ = {isa = PBXBuildFile; fileRef = 754AF4342BE137C8004D68E9 /* KeyChain.swift */; };
		756C7EE82BE7C70B00D58E5C /* Security.framework in Frameworks */ = {isa = PBXBuildFile; fileRef = 756C7EE72BE7C70B00D58E5C /* Security.framework */; };
		7572E4752B5E06FD00BC9A8A /* ToggleButton.swift in Sources */ = {isa = PBXBuildFile; fileRef = 7572E4742B5E06FD00BC9A8A /* ToggleButton.swift */; };
		757D2A5F2BD21C2500D90291 /* Pretendard-ExtraBold.otf in Resources */ = {isa = PBXBuildFile; fileRef = 757D2A562BD21C2400D90291 /* Pretendard-ExtraBold.otf */; };
		757D2A602BD21C2500D90291 /* Pretendard-ExtraLight.otf in Resources */ = {isa = PBXBuildFile; fileRef = 757D2A572BD21C2400D90291 /* Pretendard-ExtraLight.otf */; };
		757D2A612BD21C2500D90291 /* Pretendard-Medium.otf in Resources */ = {isa = PBXBuildFile; fileRef = 757D2A582BD21C2400D90291 /* Pretendard-Medium.otf */; };
		757D2A622BD21C2500D90291 /* Pretendard-Thin.otf in Resources */ = {isa = PBXBuildFile; fileRef = 757D2A592BD21C2400D90291 /* Pretendard-Thin.otf */; };
		757D2A632BD21C2500D90291 /* Pretendard-Black.otf in Resources */ = {isa = PBXBuildFile; fileRef = 757D2A5A2BD21C2500D90291 /* Pretendard-Black.otf */; };
		757D2A642BD21C2500D90291 /* Pretendard-Regular.otf in Resources */ = {isa = PBXBuildFile; fileRef = 757D2A5B2BD21C2500D90291 /* Pretendard-Regular.otf */; };
		757D2A652BD21C2500D90291 /* Pretendard-SemiBold.otf in Resources */ = {isa = PBXBuildFile; fileRef = 757D2A5C2BD21C2500D90291 /* Pretendard-SemiBold.otf */; };
		757D2A662BD21C2500D90291 /* Pretendard-Light.otf in Resources */ = {isa = PBXBuildFile; fileRef = 757D2A5D2BD21C2500D90291 /* Pretendard-Light.otf */; };
		757D2A672BD21C2500D90291 /* Pretendard-Bold.otf in Resources */ = {isa = PBXBuildFile; fileRef = 757D2A5E2BD21C2500D90291 /* Pretendard-Bold.otf */; };
		75881FD52B5A322100850541 /* Constant.swift in Sources */ = {isa = PBXBuildFile; fileRef = 75881FD42B5A322100850541 /* Constant.swift */; };
		75881FD92B5A3B1B00850541 /* BundleExt.swift in Sources */ = {isa = PBXBuildFile; fileRef = 75881FD82B5A3B1B00850541 /* BundleExt.swift */; };
		75A5977A2BD3C13D00B42A4C /* SignupViewModel.swift in Sources */ = {isa = PBXBuildFile; fileRef = 75A597792BD3C13D00B42A4C /* SignupViewModel.swift */; };
		75A5977C2BD3D58200B42A4C /* ProfileViewModel.swift in Sources */ = {isa = PBXBuildFile; fileRef = 75A5977B2BD3D58200B42A4C /* ProfileViewModel.swift */; };
		75A5977F2BD3DFE200B42A4C /* SignupModel.swift in Sources */ = {isa = PBXBuildFile; fileRef = 75A5977E2BD3DFE200B42A4C /* SignupModel.swift */; };
		75A597812BD3E50E00B42A4C /* StringExt.swift in Sources */ = {isa = PBXBuildFile; fileRef = 75A597802BD3E50E00B42A4C /* StringExt.swift */; };
		75A597832BD3E8A400B42A4C /* StatusCode.swift in Sources */ = {isa = PBXBuildFile; fileRef = 75A597822BD3E8A400B42A4C /* StatusCode.swift */; };
		75A5978A2BD3FDF100B42A4C /* MainViewModel.swift in Sources */ = {isa = PBXBuildFile; fileRef = 75A597892BD3FDF100B42A4C /* MainViewModel.swift */; };
		75AA98A32BD1E74D00EDF542 /* SecondSignupView.swift in Sources */ = {isa = PBXBuildFile; fileRef = 75AA98A22BD1E74D00EDF542 /* SecondSignupView.swift */; };
		75AEA9E12B5F6BB70064BD16 /* QRCameraController.swift in Sources */ = {isa = PBXBuildFile; fileRef = 75AEA9E02B5F6BB70064BD16 /* QRCameraController.swift */; };
		75AEA9E32B5F72400064BD16 /* QRCameraRepresentable.swift in Sources */ = {isa = PBXBuildFile; fileRef = 75AEA9E22B5F72400064BD16 /* QRCameraRepresentable.swift */; };
		75AEA9E52B5F73BC0064BD16 /* QRCameraView.swift in Sources */ = {isa = PBXBuildFile; fileRef = 75AEA9E42B5F73BC0064BD16 /* QRCameraView.swift */; };
		75CCB1062B71E797008A030E /* TokenModel.swift in Sources */ = {isa = PBXBuildFile; fileRef = 75CCB1052B71E797008A030E /* TokenModel.swift */; };
		75EA5DEE2BE105B100AD61B6 /* QRCameraViewModel.swift in Sources */ = {isa = PBXBuildFile; fileRef = 75EA5DED2BE105B100AD61B6 /* QRCameraViewModel.swift */; };
		75EA5DF22BE11DAA00AD61B6 /* Exit.swift in Sources */ = {isa = PBXBuildFile; fileRef = 75EA5DF12BE11DAA00AD61B6 /* Exit.swift */; };
		75ECC4172B5798EC00C26726 /* WebView.swift in Sources */ = {isa = PBXBuildFile; fileRef = 75ECC4152B5798EC00C26726 /* WebView.swift */; };
		75ECC41A2B579F7300C26726 /* GoogleSignIn in Frameworks */ = {isa = PBXBuildFile; productRef = 75ECC4192B579F7300C26726 /* GoogleSignIn */; };
		75ECC41C2B579F7300C26726 /* GoogleSignInSwift in Frameworks */ = {isa = PBXBuildFile; productRef = 75ECC41B2B579F7300C26726 /* GoogleSignInSwift */; };
		75ECC41E2B579F9800C26726 /* SigninViewModel.swift in Sources */ = {isa = PBXBuildFile; fileRef = 75ECC41D2B579F9800C26726 /* SigninViewModel.swift */; };
		75F789832B58B716004A80BD /* LeaveOutCell.swift in Sources */ = {isa = PBXBuildFile; fileRef = 75F789822B58B716004A80BD /* LeaveOutCell.swift */; };
		75F789852B58C019004A80BD /* LeaveOutList.swift in Sources */ = {isa = PBXBuildFile; fileRef = 75F789842B58C019004A80BD /* LeaveOutList.swift */; };
		75F789872B58CECB004A80BD /* LeaveOutModel.swift in Sources */ = {isa = PBXBuildFile; fileRef = 75F789862B58CECB004A80BD /* LeaveOutModel.swift */; };
/* End PBXBuildFile section */

/* Begin PBXFileReference section */
		4209339C2BFCA0D400172010 /* QVick.entitlements */ = {isa = PBXFileReference; lastKnownFileType = text.plist.entitlements; path = QVick.entitlements; sourceTree = "<group>"; };
		4209339E2BFCA4A900172010 /* PushNotification.swift */ = {isa = PBXFileReference; lastKnownFileType = sourcecode.swift; path = PushNotification.swift; sourceTree = "<group>"; };
		420933A22BFCAC9300172010 /* GoogleService-Info.plist */ = {isa = PBXFileReference; fileEncoding = 4; lastKnownFileType = text.plist.xml; path = "GoogleService-Info.plist"; sourceTree = "<group>"; };
		421652FC2BD23ED00078DA83 /* SigninView.swift */ = {isa = PBXFileReference; fileEncoding = 4; lastKnownFileType = sourcecode.swift; path = SigninView.swift; sourceTree = "<group>"; };
		426B53562B58B6ED00BDE077 /* QRCheckButton.swift */ = {isa = PBXFileReference; lastKnownFileType = sourcecode.swift; path = QRCheckButton.swift; sourceTree = "<group>"; };
		426B535C2B5E9D8300BDE077 /* SettingsView.swift */ = {isa = PBXFileReference; lastKnownFileType = sourcecode.swift; path = SettingsView.swift; sourceTree = "<group>"; };
		426B535E2B5F880000BDE077 /* RequestView.swift */ = {isa = PBXFileReference; lastKnownFileType = sourcecode.swift; path = RequestView.swift; sourceTree = "<group>"; };
		426B53602B5F8AAF00BDE077 /* SleepOverView.swift */ = {isa = PBXFileReference; lastKnownFileType = sourcecode.swift; path = SleepOverView.swift; sourceTree = "<group>"; };
		426B53622B5F8AB700BDE077 /* LeaveOutView.swift */ = {isa = PBXFileReference; lastKnownFileType = sourcecode.swift; path = LeaveOutView.swift; sourceTree = "<group>"; };
		426B53662B5F8D2400BDE077 /* DatePickerCell.swift */ = {isa = PBXFileReference; lastKnownFileType = sourcecode.swift; path = DatePickerCell.swift; sourceTree = "<group>"; };
		426B53682B5FAC5C00BDE077 /* TimeCell.swift */ = {isa = PBXFileReference; lastKnownFileType = sourcecode.swift; path = TimeCell.swift; sourceTree = "<group>"; };
		426B536A2B5FACDA00BDE077 /* ReasonCell.swift */ = {isa = PBXFileReference; lastKnownFileType = sourcecode.swift; path = ReasonCell.swift; sourceTree = "<group>"; };
		4290BE142BD15273008B6D65 /* SigninButton.swift */ = {isa = PBXFileReference; lastKnownFileType = sourcecode.swift; path = SigninButton.swift; sourceTree = "<group>"; };
		42AEB7362B56503600C6B1CB /* SchoolSelectionViewModel.swift */ = {isa = PBXFileReference; lastKnownFileType = sourcecode.swift; path = SchoolSelectionViewModel.swift; sourceTree = "<group>"; };
		42AEB7382B56506800C6B1CB /* SchoolSelectionModel.swift */ = {isa = PBXFileReference; lastKnownFileType = sourcecode.swift; path = SchoolSelectionModel.swift; sourceTree = "<group>"; };
		42AEB73A2B5664C200C6B1CB /* PersonalDataCell.swift */ = {isa = PBXFileReference; lastKnownFileType = sourcecode.swift; path = PersonalDataCell.swift; sourceTree = "<group>"; };
		42D500022B8C5594005EE62B /* SigninTextField.swift */ = {isa = PBXFileReference; lastKnownFileType = sourcecode.swift; path = SigninTextField.swift; sourceTree = "<group>"; };
		453B00F72B561FCA001C043C /* SchoolSelectionCell.swift */ = {isa = PBXFileReference; lastKnownFileType = sourcecode.swift; path = SchoolSelectionCell.swift; sourceTree = "<group>"; };
		453B00F92B56278E001C043C /* SchoolAskButton.swift */ = {isa = PBXFileReference; lastKnownFileType = sourcecode.swift; path = SchoolAskButton.swift; sourceTree = "<group>"; };
		453B00FC2B562B5B001C043C /* FontExt.swift */ = {isa = PBXFileReference; lastKnownFileType = sourcecode.swift; path = FontExt.swift; sourceTree = "<group>"; };
		453B00FE2B562FC3001C043C /* ColorExt.swift */ = {isa = PBXFileReference; lastKnownFileType = sourcecode.swift; path = ColorExt.swift; sourceTree = "<group>"; };
		453B01002B56662B001C043C /* PersonalDataModel.swift */ = {isa = PBXFileReference; lastKnownFileType = sourcecode.swift; path = PersonalDataModel.swift; sourceTree = "<group>"; };
		453B01022B5666BE001C043C /* PersonalDataViewModel.swift */ = {isa = PBXFileReference; lastKnownFileType = sourcecode.swift; path = PersonalDataViewModel.swift; sourceTree = "<group>"; };
		453B01082B579A2A001C043C /* NextButton.swift */ = {isa = PBXFileReference; lastKnownFileType = sourcecode.swift; path = NextButton.swift; sourceTree = "<group>"; };
		453B010A2B579F4E001C043C /* ViewExt.swift */ = {isa = PBXFileReference; lastKnownFileType = sourcecode.swift; path = ViewExt.swift; sourceTree = "<group>"; };
		453B01102B58E12A001C043C /* MainView.swift */ = {isa = PBXFileReference; lastKnownFileType = sourcecode.swift; path = MainView.swift; sourceTree = "<group>"; };
		453B01712B5E222E001C043C /* ProfileView.swift */ = {isa = PBXFileReference; lastKnownFileType = sourcecode.swift; path = ProfileView.swift; sourceTree = "<group>"; };
		453B01732B5E24BA001C043C /* ProfileCell.swift */ = {isa = PBXFileReference; lastKnownFileType = sourcecode.swift; path = ProfileCell.swift; sourceTree = "<group>"; };
		453B01752B5F6F9A001C043C /* PersonalInfoView.swift */ = {isa = PBXFileReference; lastKnownFileType = sourcecode.swift; path = PersonalInfoView.swift; sourceTree = "<group>"; };
		453B01772B5F71D2001C043C /* GetInfoTextField.swift */ = {isa = PBXFileReference; lastKnownFileType = sourcecode.swift; path = GetInfoTextField.swift; sourceTree = "<group>"; };
		455B01422BD262D8001DEF2E /* FirstSignupView.swift */ = {isa = PBXFileReference; lastKnownFileType = sourcecode.swift; path = FirstSignupView.swift; sourceTree = "<group>"; };
		45B391CE2B8B480800F784BB /* ProfileModel.swift */ = {isa = PBXFileReference; lastKnownFileType = sourcecode.swift; path = ProfileModel.swift; sourceTree = "<group>"; };
		7509BB112B4B88A5005A62AD /* QVick.app */ = {isa = PBXFileReference; explicitFileType = wrapper.application; includeInIndex = 0; path = QVick.app; sourceTree = BUILT_PRODUCTS_DIR; };
		7509BB142B4B88A5005A62AD /* QVickApp.swift */ = {isa = PBXFileReference; lastKnownFileType = sourcecode.swift; path = QVickApp.swift; sourceTree = "<group>"; };
		7509BB162B4B88A5005A62AD /* ContentView.swift */ = {isa = PBXFileReference; lastKnownFileType = sourcecode.swift; path = ContentView.swift; sourceTree = "<group>"; };
		7509BB182B4B88A7005A62AD /* Assets.xcassets */ = {isa = PBXFileReference; lastKnownFileType = folder.assetcatalog; path = Assets.xcassets; sourceTree = "<group>"; };
		7513C51A2B56534200A198E3 /* SchoolSelectionView.swift */ = {isa = PBXFileReference; lastKnownFileType = sourcecode.swift; path = SchoolSelectionView.swift; sourceTree = "<group>"; };
		7513C51C2B56764200A198E3 /* PersonalDataView.swift */ = {isa = PBXFileReference; lastKnownFileType = sourcecode.swift; path = PersonalDataView.swift; sourceTree = "<group>"; };
		7519FD2C2B83472A00443062 /* ApiContent.plist */ = {isa = PBXFileReference; fileEncoding = 4; lastKnownFileType = text.plist.xml; path = ApiContent.plist; sourceTree = "<group>"; };
		75348F012B4B8C4C0037FB2C /* Info.plist */ = {isa = PBXFileReference; lastKnownFileType = text.plist; path = Info.plist; sourceTree = "<group>"; };
		75413FAC2BD40B3D00A2C31D /* SigninModel.swift */ = {isa = PBXFileReference; lastKnownFileType = sourcecode.swift; path = SigninModel.swift; sourceTree = "<group>"; };
		754AF4342BE137C8004D68E9 /* KeyChain.swift */ = {isa = PBXFileReference; fileEncoding = 4; lastKnownFileType = sourcecode.swift; path = KeyChain.swift; sourceTree = "<group>"; };
		756C7EE72BE7C70B00D58E5C /* Security.framework */ = {isa = PBXFileReference; lastKnownFileType = wrapper.framework; name = Security.framework; path = System/Library/Frameworks/Security.framework; sourceTree = SDKROOT; };
		7572E4742B5E06FD00BC9A8A /* ToggleButton.swift */ = {isa = PBXFileReference; lastKnownFileType = sourcecode.swift; path = ToggleButton.swift; sourceTree = "<group>"; };
		757D2A562BD21C2400D90291 /* Pretendard-ExtraBold.otf */ = {isa = PBXFileReference; lastKnownFileType = file; path = "Pretendard-ExtraBold.otf"; sourceTree = "<group>"; };
		757D2A572BD21C2400D90291 /* Pretendard-ExtraLight.otf */ = {isa = PBXFileReference; lastKnownFileType = file; path = "Pretendard-ExtraLight.otf"; sourceTree = "<group>"; };
		757D2A582BD21C2400D90291 /* Pretendard-Medium.otf */ = {isa = PBXFileReference; lastKnownFileType = file; path = "Pretendard-Medium.otf"; sourceTree = "<group>"; };
		757D2A592BD21C2400D90291 /* Pretendard-Thin.otf */ = {isa = PBXFileReference; lastKnownFileType = file; path = "Pretendard-Thin.otf"; sourceTree = "<group>"; };
		757D2A5A2BD21C2500D90291 /* Pretendard-Black.otf */ = {isa = PBXFileReference; lastKnownFileType = file; path = "Pretendard-Black.otf"; sourceTree = "<group>"; };
		757D2A5B2BD21C2500D90291 /* Pretendard-Regular.otf */ = {isa = PBXFileReference; lastKnownFileType = file; path = "Pretendard-Regular.otf"; sourceTree = "<group>"; };
		757D2A5C2BD21C2500D90291 /* Pretendard-SemiBold.otf */ = {isa = PBXFileReference; lastKnownFileType = file; path = "Pretendard-SemiBold.otf"; sourceTree = "<group>"; };
		757D2A5D2BD21C2500D90291 /* Pretendard-Light.otf */ = {isa = PBXFileReference; lastKnownFileType = file; path = "Pretendard-Light.otf"; sourceTree = "<group>"; };
		757D2A5E2BD21C2500D90291 /* Pretendard-Bold.otf */ = {isa = PBXFileReference; lastKnownFileType = file; path = "Pretendard-Bold.otf"; sourceTree = "<group>"; };
		75881FD42B5A322100850541 /* Constant.swift */ = {isa = PBXFileReference; lastKnownFileType = sourcecode.swift; path = Constant.swift; sourceTree = "<group>"; };
		75881FD82B5A3B1B00850541 /* BundleExt.swift */ = {isa = PBXFileReference; lastKnownFileType = sourcecode.swift; path = BundleExt.swift; sourceTree = "<group>"; };
		75A597792BD3C13D00B42A4C /* SignupViewModel.swift */ = {isa = PBXFileReference; lastKnownFileType = sourcecode.swift; path = SignupViewModel.swift; sourceTree = "<group>"; };
		75A5977B2BD3D58200B42A4C /* ProfileViewModel.swift */ = {isa = PBXFileReference; lastKnownFileType = sourcecode.swift; path = ProfileViewModel.swift; sourceTree = "<group>"; };
		75A5977E2BD3DFE200B42A4C /* SignupModel.swift */ = {isa = PBXFileReference; lastKnownFileType = sourcecode.swift; path = SignupModel.swift; sourceTree = "<group>"; };
		75A597802BD3E50E00B42A4C /* StringExt.swift */ = {isa = PBXFileReference; lastKnownFileType = sourcecode.swift; path = StringExt.swift; sourceTree = "<group>"; };
		75A597822BD3E8A400B42A4C /* StatusCode.swift */ = {isa = PBXFileReference; lastKnownFileType = sourcecode.swift; path = StatusCode.swift; sourceTree = "<group>"; };
		75A597892BD3FDF100B42A4C /* MainViewModel.swift */ = {isa = PBXFileReference; lastKnownFileType = sourcecode.swift; path = MainViewModel.swift; sourceTree = "<group>"; };
		75AA98A22BD1E74D00EDF542 /* SecondSignupView.swift */ = {isa = PBXFileReference; lastKnownFileType = sourcecode.swift; path = SecondSignupView.swift; sourceTree = "<group>"; };
		75AEA9E02B5F6BB70064BD16 /* QRCameraController.swift */ = {isa = PBXFileReference; lastKnownFileType = sourcecode.swift; path = QRCameraController.swift; sourceTree = "<group>"; };
		75AEA9E22B5F72400064BD16 /* QRCameraRepresentable.swift */ = {isa = PBXFileReference; lastKnownFileType = sourcecode.swift; path = QRCameraRepresentable.swift; sourceTree = "<group>"; };
		75AEA9E42B5F73BC0064BD16 /* QRCameraView.swift */ = {isa = PBXFileReference; lastKnownFileType = sourcecode.swift; path = QRCameraView.swift; sourceTree = "<group>"; };
		75CCB1052B71E797008A030E /* TokenModel.swift */ = {isa = PBXFileReference; lastKnownFileType = sourcecode.swift; path = TokenModel.swift; sourceTree = "<group>"; };
		75EA5DED2BE105B100AD61B6 /* QRCameraViewModel.swift */ = {isa = PBXFileReference; lastKnownFileType = sourcecode.swift; path = QRCameraViewModel.swift; sourceTree = "<group>"; };
		75EA5DF12BE11DAA00AD61B6 /* Exit.swift */ = {isa = PBXFileReference; lastKnownFileType = sourcecode.swift; path = Exit.swift; sourceTree = "<group>"; };
		75ECC4152B5798EC00C26726 /* WebView.swift */ = {isa = PBXFileReference; fileEncoding = 4; lastKnownFileType = sourcecode.swift; path = WebView.swift; sourceTree = "<group>"; };
		75ECC41D2B579F9800C26726 /* SigninViewModel.swift */ = {isa = PBXFileReference; lastKnownFileType = sourcecode.swift; path = SigninViewModel.swift; sourceTree = "<group>"; };
		75F789822B58B716004A80BD /* LeaveOutCell.swift */ = {isa = PBXFileReference; lastKnownFileType = sourcecode.swift; path = LeaveOutCell.swift; sourceTree = "<group>"; };
		75F789842B58C019004A80BD /* LeaveOutList.swift */ = {isa = PBXFileReference; lastKnownFileType = sourcecode.swift; path = LeaveOutList.swift; sourceTree = "<group>"; };
		75F789862B58CECB004A80BD /* LeaveOutModel.swift */ = {isa = PBXFileReference; lastKnownFileType = sourcecode.swift; path = LeaveOutModel.swift; sourceTree = "<group>"; };
/* End PBXFileReference section */

/* Begin PBXFrameworksBuildPhase section */
		7509BB0E2B4B88A5005A62AD /* Frameworks */ = {
			isa = PBXFrameworksBuildPhase;
			buildActionMask = 2147483647;
			files = (
				756C7EE82BE7C70B00D58E5C /* Security.framework in Frameworks */,
				75ECC41C2B579F7300C26726 /* GoogleSignInSwift in Frameworks */,
				420933A12BFCA54200172010 /* FirebaseMessaging in Frameworks */,
				7513C5202B57753D00A198E3 /* Alamofire in Frameworks */,
				75ECC41A2B579F7300C26726 /* GoogleSignIn in Frameworks */,
			);
			runOnlyForDeploymentPostprocessing = 0;
		};
/* End PBXFrameworksBuildPhase section */

/* Begin PBXGroup section */
		453B00FB2B562B44001C043C /* Extenstion */ = {
			isa = PBXGroup;
			children = (
				453B00FC2B562B5B001C043C /* FontExt.swift */,
				453B00FE2B562FC3001C043C /* ColorExt.swift */,
				453B010A2B579F4E001C043C /* ViewExt.swift */,
				75881FD82B5A3B1B00850541 /* BundleExt.swift */,
				75A597802BD3E50E00B42A4C /* StringExt.swift */,
			);
			path = Extenstion;
			sourceTree = "<group>";
		};
		45B391CD2B8B47CA00F784BB /* Profile */ = {
			isa = PBXGroup;
			children = (
				45B391CE2B8B480800F784BB /* ProfileModel.swift */,
			);
			path = Profile;
			sourceTree = "<group>";
		};
		45B391D02B8B488900F784BB /* Profile */ = {
			isa = PBXGroup;
			children = (
				75A5977B2BD3D58200B42A4C /* ProfileViewModel.swift */,
			);
			path = Profile;
			sourceTree = "<group>";
		};
		7509BB082B4B88A5005A62AD = {
			isa = PBXGroup;
			children = (
				7509BB132B4B88A5005A62AD /* QVick */,
				7509BB122B4B88A5005A62AD /* Products */,
				75ECC4132B57981500C26726 /* Recovered References */,
				756C7EE62BE7C70B00D58E5C /* Frameworks */,
			);
			sourceTree = "<group>";
		};
		7509BB122B4B88A5005A62AD /* Products */ = {
			isa = PBXGroup;
			children = (
				7509BB112B4B88A5005A62AD /* QVick.app */,
			);
			name = Products;
			sourceTree = "<group>";
		};
		7509BB132B4B88A5005A62AD /* QVick */ = {
			isa = PBXGroup;
			children = (
				4209339C2BFCA0D400172010 /* QVick.entitlements */,
				75348F012B4B8C4C0037FB2C /* Info.plist */,
				7519FD2C2B83472A00443062 /* ApiContent.plist */,
				420933A22BFCAC9300172010 /* GoogleService-Info.plist */,
				7509BB252B4B8B17005A62AD /* Resources */,
				7509BB242B4B8AFB005A62AD /* Sources */,
			);
			path = QVick;
			sourceTree = "<group>";
		};
		7509BB242B4B8AFB005A62AD /* Sources */ = {
			isa = PBXGroup;
			children = (
				75A597842BD3EE3F00B42A4C /* Application */,
				75881FD32B5A321500850541 /* Utils */,
				453B00FB2B562B44001C043C /* Extenstion */,
				755641412B56101900F15ACD /* ViewModel */,
				755641402B56101400F15ACD /* Model */,
				7556413F2B560F9400F15ACD /* View */,
				7556413E2B560DE100F15ACD /* Components */,
			);
			path = Sources;
			sourceTree = "<group>";
		};
		7509BB252B4B8B17005A62AD /* Resources */ = {
			isa = PBXGroup;
			children = (
				75348EF92B4B8C070037FB2C /* Fonts */,
				7509BB182B4B88A7005A62AD /* Assets.xcassets */,
			);
			path = Resources;
			sourceTree = "<group>";
		};
		75348EF92B4B8C070037FB2C /* Fonts */ = {
			isa = PBXGroup;
			children = (
				757D2A5A2BD21C2500D90291 /* Pretendard-Black.otf */,
				757D2A5E2BD21C2500D90291 /* Pretendard-Bold.otf */,
				757D2A562BD21C2400D90291 /* Pretendard-ExtraBold.otf */,
				757D2A572BD21C2400D90291 /* Pretendard-ExtraLight.otf */,
				757D2A5D2BD21C2500D90291 /* Pretendard-Light.otf */,
				757D2A582BD21C2400D90291 /* Pretendard-Medium.otf */,
				757D2A5B2BD21C2500D90291 /* Pretendard-Regular.otf */,
				757D2A5C2BD21C2500D90291 /* Pretendard-SemiBold.otf */,
				757D2A592BD21C2400D90291 /* Pretendard-Thin.otf */,
			);
			path = Fonts;
			sourceTree = "<group>";
		};
		7556413E2B560DE100F15ACD /* Components */ = {
			isa = PBXGroup;
			children = (
				453B00F72B561FCA001C043C /* SchoolSelectionCell.swift */,
				453B00F92B56278E001C043C /* SchoolAskButton.swift */,
				42AEB73A2B5664C200C6B1CB /* PersonalDataCell.swift */,
				75ECC4152B5798EC00C26726 /* WebView.swift */,
				453B01082B579A2A001C043C /* NextButton.swift */,
				75F789822B58B716004A80BD /* LeaveOutCell.swift */,
				75F789842B58C019004A80BD /* LeaveOutList.swift */,
				426B53562B58B6ED00BDE077 /* QRCheckButton.swift */,
				7572E4742B5E06FD00BC9A8A /* ToggleButton.swift */,
				453B01732B5E24BA001C043C /* ProfileCell.swift */,
				75A597772BD3BDA600B42A4C /* QRCamera */,
				426B53662B5F8D2400BDE077 /* DatePickerCell.swift */,
				426B53682B5FAC5C00BDE077 /* TimeCell.swift */,
				426B536A2B5FACDA00BDE077 /* ReasonCell.swift */,
				453B01772B5F71D2001C043C /* GetInfoTextField.swift */,
				42D500022B8C5594005EE62B /* SigninTextField.swift */,
				4290BE142BD15273008B6D65 /* SigninButton.swift */,
			);
			path = Components;
			sourceTree = "<group>";
		};
		7556413F2B560F9400F15ACD /* View */ = {
			isa = PBXGroup;
			children = (
				75AA98A12BD1E73B00EDF542 /* Content */,
				75AA98A02BD1E72900EDF542 /* Signup */,
				75C030B82B6253F100FD5485 /* SchoolSelection */,
				75C030B92B62540400FD5485 /* PersonalData */,
				75C030BA2B62541000FD5485 /* Signin */,
				75C030BC2B62543800FD5485 /* Main */,
				75C030BD2B62549900FD5485 /* Settings */,
				75C030BE2B6254A500FD5485 /* Profile */,
				75C030BF2B6254B200FD5485 /* QRCamera */,
				75C030C02B6254BB00FD5485 /* Request */,
			);
			path = View;
			sourceTree = "<group>";
		};
		755641402B56101400F15ACD /* Model */ = {
			isa = PBXGroup;
			children = (
				75A5977D2BD3DFD800B42A4C /* Signup */,
				75CCB1042B71E77B008A030E /* Signin */,
				75C030C22B6254FE00FD5485 /* SchoolSelection */,
				75C030C42B62555700FD5485 /* PersonalData */,
				75C030C82B62558D00FD5485 /* LeaveOut */,
				45B391CD2B8B47CA00F784BB /* Profile */,
			);
			path = Model;
			sourceTree = "<group>";
		};
		755641412B56101900F15ACD /* ViewModel */ = {
			isa = PBXGroup;
			children = (
				75EA5DEC2BE1059C00AD61B6 /* QRCamera */,
				75A597882BD3FDE800B42A4C /* Main */,
				75A597782BD3C12C00B42A4C /* Signup */,
				75C030C12B6254F300FD5485 /* SchoolSelection */,
				75C030C32B62555000FD5485 /* PersonalData */,
				45B391D02B8B488900F784BB /* Profile */,
				75C030C72B62558700FD5485 /* Signin */,
			);
			path = ViewModel;
			sourceTree = "<group>";
		};
		756C7EE62BE7C70B00D58E5C /* Frameworks */ = {
			isa = PBXGroup;
			children = (
				756C7EE72BE7C70B00D58E5C /* Security.framework */,
			);
			name = Frameworks;
			sourceTree = "<group>";
		};
		75881FD32B5A321500850541 /* Utils */ = {
			isa = PBXGroup;
			children = (
				754AF4342BE137C8004D68E9 /* KeyChain.swift */,
				75881FD42B5A322100850541 /* Constant.swift */,
				75A597822BD3E8A400B42A4C /* StatusCode.swift */,
				75EA5DF12BE11DAA00AD61B6 /* Exit.swift */,
				4209339E2BFCA4A900172010 /* PushNotification.swift */,
			);
			path = Utils;
			sourceTree = "<group>";
		};
		75A597772BD3BDA600B42A4C /* QRCamera */ = {
			isa = PBXGroup;
			children = (
				75AEA9E02B5F6BB70064BD16 /* QRCameraController.swift */,
				75AEA9E22B5F72400064BD16 /* QRCameraRepresentable.swift */,
			);
			path = QRCamera;
			sourceTree = "<group>";
		};
		75A597782BD3C12C00B42A4C /* Signup */ = {
			isa = PBXGroup;
			children = (
				75A597792BD3C13D00B42A4C /* SignupViewModel.swift */,
			);
			path = Signup;
			sourceTree = "<group>";
		};
		75A5977D2BD3DFD800B42A4C /* Signup */ = {
			isa = PBXGroup;
			children = (
				75A5977E2BD3DFE200B42A4C /* SignupModel.swift */,
			);
			path = Signup;
			sourceTree = "<group>";
		};
		75A597842BD3EE3F00B42A4C /* Application */ = {
			isa = PBXGroup;
			children = (
				7509BB142B4B88A5005A62AD /* QVickApp.swift */,
			);
			path = Application;
			sourceTree = "<group>";
		};
		75A597882BD3FDE800B42A4C /* Main */ = {
			isa = PBXGroup;
			children = (
				75A597892BD3FDF100B42A4C /* MainViewModel.swift */,
			);
			path = Main;
			sourceTree = "<group>";
		};
		75AA98A02BD1E72900EDF542 /* Signup */ = {
			isa = PBXGroup;
			children = (
				75AA98A22BD1E74D00EDF542 /* SecondSignupView.swift */,
				455B01422BD262D8001DEF2E /* FirstSignupView.swift */,
			);
			path = Signup;
			sourceTree = "<group>";
		};
		75AA98A12BD1E73B00EDF542 /* Content */ = {
			isa = PBXGroup;
			children = (
				7509BB162B4B88A5005A62AD /* ContentView.swift */,
			);
			path = Content;
			sourceTree = "<group>";
		};
		75C030B82B6253F100FD5485 /* SchoolSelection */ = {
			isa = PBXGroup;
			children = (
				7513C51A2B56534200A198E3 /* SchoolSelectionView.swift */,
			);
			path = SchoolSelection;
			sourceTree = "<group>";
		};
		75C030B92B62540400FD5485 /* PersonalData */ = {
			isa = PBXGroup;
			children = (
				7513C51C2B56764200A198E3 /* PersonalDataView.swift */,
			);
			path = PersonalData;
			sourceTree = "<group>";
		};
		75C030BA2B62541000FD5485 /* Signin */ = {
			isa = PBXGroup;
			children = (
				421652FC2BD23ED00078DA83 /* SigninView.swift */,
			);
			path = Signin;
			sourceTree = "<group>";
		};
		75C030BC2B62543800FD5485 /* Main */ = {
			isa = PBXGroup;
			children = (
				453B01102B58E12A001C043C /* MainView.swift */,
			);
			path = Main;
			sourceTree = "<group>";
		};
		75C030BD2B62549900FD5485 /* Settings */ = {
			isa = PBXGroup;
			children = (
				453B01752B5F6F9A001C043C /* PersonalInfoView.swift */,
				426B535C2B5E9D8300BDE077 /* SettingsView.swift */,
			);
			path = Settings;
			sourceTree = "<group>";
		};
		75C030BE2B6254A500FD5485 /* Profile */ = {
			isa = PBXGroup;
			children = (
				453B01712B5E222E001C043C /* ProfileView.swift */,
			);
			path = Profile;
			sourceTree = "<group>";
		};
		75C030BF2B6254B200FD5485 /* QRCamera */ = {
			isa = PBXGroup;
			children = (
				75AEA9E42B5F73BC0064BD16 /* QRCameraView.swift */,
			);
			path = QRCamera;
			sourceTree = "<group>";
		};
		75C030C02B6254BB00FD5485 /* Request */ = {
			isa = PBXGroup;
			children = (
				426B53602B5F8AAF00BDE077 /* SleepOverView.swift */,
				426B53622B5F8AB700BDE077 /* LeaveOutView.swift */,
				426B535E2B5F880000BDE077 /* RequestView.swift */,
			);
			path = Request;
			sourceTree = "<group>";
		};
		75C030C12B6254F300FD5485 /* SchoolSelection */ = {
			isa = PBXGroup;
			children = (
				42AEB7362B56503600C6B1CB /* SchoolSelectionViewModel.swift */,
			);
			path = SchoolSelection;
			sourceTree = "<group>";
		};
		75C030C22B6254FE00FD5485 /* SchoolSelection */ = {
			isa = PBXGroup;
			children = (
				42AEB7382B56506800C6B1CB /* SchoolSelectionModel.swift */,
			);
			path = SchoolSelection;
			sourceTree = "<group>";
		};
		75C030C32B62555000FD5485 /* PersonalData */ = {
			isa = PBXGroup;
			children = (
				453B01022B5666BE001C043C /* PersonalDataViewModel.swift */,
			);
			path = PersonalData;
			sourceTree = "<group>";
		};
		75C030C42B62555700FD5485 /* PersonalData */ = {
			isa = PBXGroup;
			children = (
				453B01002B56662B001C043C /* PersonalDataModel.swift */,
			);
			path = PersonalData;
			sourceTree = "<group>";
		};
		75C030C72B62558700FD5485 /* Signin */ = {
			isa = PBXGroup;
			children = (
				75ECC41D2B579F9800C26726 /* SigninViewModel.swift */,
			);
			path = Signin;
			sourceTree = "<group>";
		};
		75C030C82B62558D00FD5485 /* LeaveOut */ = {
			isa = PBXGroup;
			children = (
				75F789862B58CECB004A80BD /* LeaveOutModel.swift */,
			);
			path = LeaveOut;
			sourceTree = "<group>";
		};
		75CCB1042B71E77B008A030E /* Signin */ = {
			isa = PBXGroup;
			children = (
				75CCB1052B71E797008A030E /* TokenModel.swift */,
				75413FAC2BD40B3D00A2C31D /* SigninModel.swift */,
			);
			path = Signin;
			sourceTree = "<group>";
		};
		75EA5DEC2BE1059C00AD61B6 /* QRCamera */ = {
			isa = PBXGroup;
			children = (
				75EA5DED2BE105B100AD61B6 /* QRCameraViewModel.swift */,
			);
			path = QRCamera;
			sourceTree = "<group>";
		};
		75ECC4132B57981500C26726 /* Recovered References */ = {
			isa = PBXGroup;
			children = (
			);
			name = "Recovered References";
			sourceTree = "<group>";
		};
/* End PBXGroup section */

/* Begin PBXNativeTarget section */
		7509BB102B4B88A5005A62AD /* QVick */ = {
			isa = PBXNativeTarget;
			buildConfigurationList = 7509BB1F2B4B88A7005A62AD /* Build configuration list for PBXNativeTarget "QVick" */;
			buildPhases = (
				7509BB0D2B4B88A5005A62AD /* Sources */,
				7509BB0E2B4B88A5005A62AD /* Frameworks */,
				7509BB0F2B4B88A5005A62AD /* Resources */,
			);
			buildRules = (
			);
			dependencies = (
			);
			name = QVick;
			packageProductDependencies = (
				7513C51F2B57753D00A198E3 /* Alamofire */,
				75ECC4192B579F7300C26726 /* GoogleSignIn */,
				75ECC41B2B579F7300C26726 /* GoogleSignInSwift */,
				420933A02BFCA54200172010 /* FirebaseMessaging */,
			);
			productName = QVick;
			productReference = 7509BB112B4B88A5005A62AD /* QVick.app */;
			productType = "com.apple.product-type.application";
		};
/* End PBXNativeTarget section */

/* Begin PBXProject section */
		7509BB092B4B88A5005A62AD /* Project object */ = {
			isa = PBXProject;
			attributes = {
				BuildIndependentTargetsInParallel = 1;
				LastSwiftUpdateCheck = 1500;
				LastUpgradeCheck = 1500;
				TargetAttributes = {
					7509BB102B4B88A5005A62AD = {
						CreatedOnToolsVersion = 15.0;
					};
				};
			};
			buildConfigurationList = 7509BB0C2B4B88A5005A62AD /* Build configuration list for PBXProject "QVick" */;
			compatibilityVersion = "Xcode 14.0";
			developmentRegion = en;
			hasScannedForEncodings = 0;
			knownRegions = (
				en,
				Base,
			);
			mainGroup = 7509BB082B4B88A5005A62AD;
			packageReferences = (
				7513C51E2B57753D00A198E3 /* XCRemoteSwiftPackageReference "Alamofire" */,
				75ECC4182B579F7300C26726 /* XCRemoteSwiftPackageReference "GoogleSignIn-iOS" */,
				4209339D2BFCA34200172010 /* XCRemoteSwiftPackageReference "firebase-ios-sdk" */,
			);
			productRefGroup = 7509BB122B4B88A5005A62AD /* Products */;
			projectDirPath = "";
			projectRoot = "";
			targets = (
				7509BB102B4B88A5005A62AD /* QVick */,
			);
		};
/* End PBXProject section */

/* Begin PBXResourcesBuildPhase section */
		7509BB0F2B4B88A5005A62AD /* Resources */ = {
			isa = PBXResourcesBuildPhase;
			buildActionMask = 2147483647;
			files = (
				757D2A662BD21C2500D90291 /* Pretendard-Light.otf in Resources */,
				757D2A602BD21C2500D90291 /* Pretendard-ExtraLight.otf in Resources */,
				7509BB192B4B88A7005A62AD /* Assets.xcassets in Resources */,
				757D2A652BD21C2500D90291 /* Pretendard-SemiBold.otf in Resources */,
				757D2A622BD21C2500D90291 /* Pretendard-Thin.otf in Resources */,
				757D2A632BD21C2500D90291 /* Pretendard-Black.otf in Resources */,
				757D2A612BD21C2500D90291 /* Pretendard-Medium.otf in Resources */,
				420933A32BFCAC9300172010 /* GoogleService-Info.plist in Resources */,
				757D2A5F2BD21C2500D90291 /* Pretendard-ExtraBold.otf in Resources */,
				757D2A672BD21C2500D90291 /* Pretendard-Bold.otf in Resources */,
				757D2A642BD21C2500D90291 /* Pretendard-Regular.otf in Resources */,
				7519FD2D2B83472A00443062 /* ApiContent.plist in Resources */,
			);
			runOnlyForDeploymentPostprocessing = 0;
		};
/* End PBXResourcesBuildPhase section */

/* Begin PBXSourcesBuildPhase section */
		7509BB0D2B4B88A5005A62AD /* Sources */ = {
			isa = PBXSourcesBuildPhase;
			buildActionMask = 2147483647;
			files = (
				75A5977A2BD3C13D00B42A4C /* SignupViewModel.swift in Sources */,
				75EA5DF22BE11DAA00AD61B6 /* Exit.swift in Sources */,
				426B535D2B5E9D8300BDE077 /* SettingsView.swift in Sources */,
				75ECC4172B5798EC00C26726 /* WebView.swift in Sources */,
				453B00FD2B562B5B001C043C /* FontExt.swift in Sources */,
				75AEA9E52B5F73BC0064BD16 /* QRCameraView.swift in Sources */,
				4209339F2BFCA4A900172010 /* PushNotification.swift in Sources */,
				7513C51B2B56534200A198E3 /* SchoolSelectionView.swift in Sources */,
				426B53632B5F8AB700BDE077 /* LeaveOutView.swift in Sources */,
				4290BE152BD15273008B6D65 /* SigninButton.swift in Sources */,
				453B00FF2B562FC3001C043C /* ColorExt.swift in Sources */,
				42AEB73B2B5664C200C6B1CB /* PersonalDataCell.swift in Sources */,
				75A5977F2BD3DFE200B42A4C /* SignupModel.swift in Sources */,
				75F789852B58C019004A80BD /* LeaveOutList.swift in Sources */,
				453B01092B579A2A001C043C /* NextButton.swift in Sources */,
				75A5977C2BD3D58200B42A4C /* ProfileViewModel.swift in Sources */,
				7509BB172B4B88A5005A62AD /* ContentView.swift in Sources */,
				453B00F82B561FCA001C043C /* SchoolSelectionCell.swift in Sources */,
				453B01722B5E222E001C043C /* ProfileView.swift in Sources */,
				75A5978A2BD3FDF100B42A4C /* MainViewModel.swift in Sources */,
				426B53692B5FAC5C00BDE077 /* TimeCell.swift in Sources */,
				42D500032B8C5594005EE62B /* SigninTextField.swift in Sources */,
				453B01032B5666BE001C043C /* PersonalDataViewModel.swift in Sources */,
				75AEA9E32B5F72400064BD16 /* QRCameraRepresentable.swift in Sources */,
				453B00FA2B56278E001C043C /* SchoolAskButton.swift in Sources */,
				453B010B2B579F4E001C043C /* ViewExt.swift in Sources */,
				75AA98A32BD1E74D00EDF542 /* SecondSignupView.swift in Sources */,
				75413FAD2BD40B3D00A2C31D /* SigninModel.swift in Sources */,
				426B536B2B5FACDA00BDE077 /* ReasonCell.swift in Sources */,
				7513C51D2B56764200A198E3 /* PersonalDataView.swift in Sources */,
				421652FD2BD23ED00078DA83 /* SigninView.swift in Sources */,
				75881FD52B5A322100850541 /* Constant.swift in Sources */,
				75A597812BD3E50E00B42A4C /* StringExt.swift in Sources */,
				7572E4752B5E06FD00BC9A8A /* ToggleButton.swift in Sources */,
				455B01432BD262D8001DEF2E /* FirstSignupView.swift in Sources */,
				453B01012B56662B001C043C /* PersonalDataModel.swift in Sources */,
				75F789872B58CECB004A80BD /* LeaveOutModel.swift in Sources */,
				45B391CF2B8B480800F784BB /* ProfileModel.swift in Sources */,
				75EA5DEE2BE105B100AD61B6 /* QRCameraViewModel.swift in Sources */,
				426B53672B5F8D2400BDE077 /* DatePickerCell.swift in Sources */,
				426B53572B58B6ED00BDE077 /* QRCheckButton.swift in Sources */,
				75A597832BD3E8A400B42A4C /* StatusCode.swift in Sources */,
				75CCB1062B71E797008A030E /* TokenModel.swift in Sources */,
				75AEA9E12B5F6BB70064BD16 /* QRCameraController.swift in Sources */,
				426B535F2B5F880000BDE077 /* RequestView.swift in Sources */,
				42AEB7392B56506800C6B1CB /* SchoolSelectionModel.swift in Sources */,
				75881FD92B5A3B1B00850541 /* BundleExt.swift in Sources */,
				7509BB152B4B88A5005A62AD /* QVickApp.swift in Sources */,
				75ECC41E2B579F9800C26726 /* SigninViewModel.swift in Sources */,
				453B01112B58E12A001C043C /* MainView.swift in Sources */,
				453B01742B5E24BA001C043C /* ProfileCell.swift in Sources */,
				42AEB7372B56503600C6B1CB /* SchoolSelectionViewModel.swift in Sources */,
				426B53612B5F8AAF00BDE077 /* SleepOverView.swift in Sources */,
				453B01782B5F71D2001C043C /* GetInfoTextField.swift in Sources */,
				754AF4352BE137C8004D68E9 /* KeyChain.swift in Sources */,
				453B01762B5F6F9A001C043C /* PersonalInfoView.swift in Sources */,
				75F789832B58B716004A80BD /* LeaveOutCell.swift in Sources */,
			);
			runOnlyForDeploymentPostprocessing = 0;
		};
/* End PBXSourcesBuildPhase section */

/* Begin XCBuildConfiguration section */
		7509BB1D2B4B88A7005A62AD /* Debug */ = {
			isa = XCBuildConfiguration;
			buildSettings = {
				ALWAYS_SEARCH_USER_PATHS = NO;
				ASSETCATALOG_COMPILER_GENERATE_SWIFT_ASSET_SYMBOL_EXTENSIONS = YES;
				CLANG_ANALYZER_NONNULL = YES;
				CLANG_ANALYZER_NUMBER_OBJECT_CONVERSION = YES_AGGRESSIVE;
				CLANG_CXX_LANGUAGE_STANDARD = "gnu++20";
				CLANG_ENABLE_MODULES = YES;
				CLANG_ENABLE_OBJC_ARC = YES;
				CLANG_ENABLE_OBJC_WEAK = YES;
				CLANG_WARN_BLOCK_CAPTURE_AUTORELEASING = YES;
				CLANG_WARN_BOOL_CONVERSION = YES;
				CLANG_WARN_COMMA = YES;
				CLANG_WARN_CONSTANT_CONVERSION = YES;
				CLANG_WARN_DEPRECATED_OBJC_IMPLEMENTATIONS = YES;
				CLANG_WARN_DIRECT_OBJC_ISA_USAGE = YES_ERROR;
				CLANG_WARN_DOCUMENTATION_COMMENTS = YES;
				CLANG_WARN_EMPTY_BODY = YES;
				CLANG_WARN_ENUM_CONVERSION = YES;
				CLANG_WARN_INFINITE_RECURSION = YES;
				CLANG_WARN_INT_CONVERSION = YES;
				CLANG_WARN_NON_LITERAL_NULL_CONVERSION = YES;
				CLANG_WARN_OBJC_IMPLICIT_RETAIN_SELF = YES;
				CLANG_WARN_OBJC_LITERAL_CONVERSION = YES;
				CLANG_WARN_OBJC_ROOT_CLASS = YES_ERROR;
				CLANG_WARN_QUOTED_INCLUDE_IN_FRAMEWORK_HEADER = YES;
				CLANG_WARN_RANGE_LOOP_ANALYSIS = YES;
				CLANG_WARN_STRICT_PROTOTYPES = YES;
				CLANG_WARN_SUSPICIOUS_MOVE = YES;
				CLANG_WARN_UNGUARDED_AVAILABILITY = YES_AGGRESSIVE;
				CLANG_WARN_UNREACHABLE_CODE = YES;
				CLANG_WARN__DUPLICATE_METHOD_MATCH = YES;
				COPY_PHASE_STRIP = NO;
				DEBUG_INFORMATION_FORMAT = dwarf;
				ENABLE_STRICT_OBJC_MSGSEND = YES;
				ENABLE_TESTABILITY = YES;
				ENABLE_USER_SCRIPT_SANDBOXING = YES;
				GCC_C_LANGUAGE_STANDARD = gnu17;
				GCC_DYNAMIC_NO_PIC = NO;
				GCC_NO_COMMON_BLOCKS = YES;
				GCC_OPTIMIZATION_LEVEL = 0;
				GCC_PREPROCESSOR_DEFINITIONS = (
					"DEBUG=1",
					"$(inherited)",
				);
				GCC_WARN_64_TO_32_BIT_CONVERSION = YES;
				GCC_WARN_ABOUT_RETURN_TYPE = YES_ERROR;
				GCC_WARN_UNDECLARED_SELECTOR = YES;
				GCC_WARN_UNINITIALIZED_AUTOS = YES_AGGRESSIVE;
				GCC_WARN_UNUSED_FUNCTION = YES;
				GCC_WARN_UNUSED_VARIABLE = YES;
				IPHONEOS_DEPLOYMENT_TARGET = 17.0;
				LOCALIZATION_PREFERS_STRING_CATALOGS = YES;
				MTL_ENABLE_DEBUG_INFO = INCLUDE_SOURCE;
				MTL_FAST_MATH = YES;
				ONLY_ACTIVE_ARCH = YES;
				SDKROOT = iphoneos;
				SWIFT_ACTIVE_COMPILATION_CONDITIONS = "DEBUG $(inherited)";
				SWIFT_OPTIMIZATION_LEVEL = "-Onone";
			};
			name = Debug;
		};
		7509BB1E2B4B88A7005A62AD /* Release */ = {
			isa = XCBuildConfiguration;
			buildSettings = {
				ALWAYS_SEARCH_USER_PATHS = NO;
				ASSETCATALOG_COMPILER_GENERATE_SWIFT_ASSET_SYMBOL_EXTENSIONS = YES;
				CLANG_ANALYZER_NONNULL = YES;
				CLANG_ANALYZER_NUMBER_OBJECT_CONVERSION = YES_AGGRESSIVE;
				CLANG_CXX_LANGUAGE_STANDARD = "gnu++20";
				CLANG_ENABLE_MODULES = YES;
				CLANG_ENABLE_OBJC_ARC = YES;
				CLANG_ENABLE_OBJC_WEAK = YES;
				CLANG_WARN_BLOCK_CAPTURE_AUTORELEASING = YES;
				CLANG_WARN_BOOL_CONVERSION = YES;
				CLANG_WARN_COMMA = YES;
				CLANG_WARN_CONSTANT_CONVERSION = YES;
				CLANG_WARN_DEPRECATED_OBJC_IMPLEMENTATIONS = YES;
				CLANG_WARN_DIRECT_OBJC_ISA_USAGE = YES_ERROR;
				CLANG_WARN_DOCUMENTATION_COMMENTS = YES;
				CLANG_WARN_EMPTY_BODY = YES;
				CLANG_WARN_ENUM_CONVERSION = YES;
				CLANG_WARN_INFINITE_RECURSION = YES;
				CLANG_WARN_INT_CONVERSION = YES;
				CLANG_WARN_NON_LITERAL_NULL_CONVERSION = YES;
				CLANG_WARN_OBJC_IMPLICIT_RETAIN_SELF = YES;
				CLANG_WARN_OBJC_LITERAL_CONVERSION = YES;
				CLANG_WARN_OBJC_ROOT_CLASS = YES_ERROR;
				CLANG_WARN_QUOTED_INCLUDE_IN_FRAMEWORK_HEADER = YES;
				CLANG_WARN_RANGE_LOOP_ANALYSIS = YES;
				CLANG_WARN_STRICT_PROTOTYPES = YES;
				CLANG_WARN_SUSPICIOUS_MOVE = YES;
				CLANG_WARN_UNGUARDED_AVAILABILITY = YES_AGGRESSIVE;
				CLANG_WARN_UNREACHABLE_CODE = YES;
				CLANG_WARN__DUPLICATE_METHOD_MATCH = YES;
				COPY_PHASE_STRIP = NO;
				DEBUG_INFORMATION_FORMAT = "dwarf-with-dsym";
				ENABLE_NS_ASSERTIONS = NO;
				ENABLE_STRICT_OBJC_MSGSEND = YES;
				ENABLE_USER_SCRIPT_SANDBOXING = YES;
				GCC_C_LANGUAGE_STANDARD = gnu17;
				GCC_NO_COMMON_BLOCKS = YES;
				GCC_WARN_64_TO_32_BIT_CONVERSION = YES;
				GCC_WARN_ABOUT_RETURN_TYPE = YES_ERROR;
				GCC_WARN_UNDECLARED_SELECTOR = YES;
				GCC_WARN_UNINITIALIZED_AUTOS = YES_AGGRESSIVE;
				GCC_WARN_UNUSED_FUNCTION = YES;
				GCC_WARN_UNUSED_VARIABLE = YES;
				IPHONEOS_DEPLOYMENT_TARGET = 17.0;
				LOCALIZATION_PREFERS_STRING_CATALOGS = YES;
				MTL_ENABLE_DEBUG_INFO = NO;
				MTL_FAST_MATH = YES;
				SDKROOT = iphoneos;
				SWIFT_COMPILATION_MODE = wholemodule;
				VALIDATE_PRODUCT = YES;
			};
			name = Release;
		};
		7509BB202B4B88A7005A62AD /* Debug */ = {
			isa = XCBuildConfiguration;
			buildSettings = {
				ASSETCATALOG_COMPILER_APPICON_NAME = AppIcon;
				ASSETCATALOG_COMPILER_GLOBAL_ACCENT_COLOR_NAME = AccentColor;
				CODE_SIGN_ENTITLEMENTS = QVick/QVick.entitlements;
				CODE_SIGN_STYLE = Automatic;
				CURRENT_PROJECT_VERSION = 1;
				DEVELOPMENT_ASSET_PATHS = "";
				DEVELOPMENT_TEAM = C22QH9P7HR;
				ENABLE_PREVIEWS = YES;
				GENERATE_INFOPLIST_FILE = YES;
				INFOPLIST_FILE = QVick/Info.plist;
				INFOPLIST_KEY_CFBundleDisplayName = "큐빅";
				INFOPLIST_KEY_LSApplicationCategoryType = "public.app-category.lifestyle";
				INFOPLIST_KEY_NSCameraUsageDescription = "QR 스캔을 하려면 카메라를 허용해야 합니다.";
				INFOPLIST_KEY_NSFaceIDUsageDescription = "생체인증을 허용하시겠습니까?";
				INFOPLIST_KEY_UIApplicationSceneManifest_Generation = YES;
				INFOPLIST_KEY_UILaunchScreen_Generation = YES;
				INFOPLIST_KEY_UISupportedInterfaceOrientations = UIInterfaceOrientationPortrait;
				INFOPLIST_KEY_UISupportedInterfaceOrientations_iPad = "UIInterfaceOrientationLandscapeLeft UIInterfaceOrientationLandscapeRight UIInterfaceOrientationPortrait UIInterfaceOrientationPortraitUpsideDown";
				IPHONEOS_DEPLOYMENT_TARGET = 15.0;
				LD_RUNPATH_SEARCH_PATHS = (
					"$(inherited)",
					"@executable_path/Frameworks",
				);
				MARKETING_VERSION = 1.0.2;
				PRODUCT_BUNDLE_IDENTIFIER = kr.hs.dgsw.Qvick;
				PRODUCT_NAME = "$(TARGET_NAME)";
				SUPPORTED_PLATFORMS = "iphoneos iphonesimulator";
				SUPPORTS_MACCATALYST = NO;
				SUPPORTS_MAC_DESIGNED_FOR_IPHONE_IPAD = NO;
				SUPPORTS_XR_DESIGNED_FOR_IPHONE_IPAD = NO;
				SWIFT_EMIT_LOC_STRINGS = YES;
				SWIFT_VERSION = 5.0;
				TARGETED_DEVICE_FAMILY = 1;
			};
			name = Debug;
		};
		7509BB212B4B88A7005A62AD /* Release */ = {
			isa = XCBuildConfiguration;
			buildSettings = {
				ASSETCATALOG_COMPILER_APPICON_NAME = AppIcon;
				ASSETCATALOG_COMPILER_GLOBAL_ACCENT_COLOR_NAME = AccentColor;
				CODE_SIGN_ENTITLEMENTS = QVick/QVick.entitlements;
				CODE_SIGN_STYLE = Automatic;
				CURRENT_PROJECT_VERSION = 1;
				DEVELOPMENT_ASSET_PATHS = "";
				DEVELOPMENT_TEAM = C22QH9P7HR;
				ENABLE_PREVIEWS = YES;
				GENERATE_INFOPLIST_FILE = YES;
				INFOPLIST_FILE = QVick/Info.plist;
				INFOPLIST_KEY_CFBundleDisplayName = "큐빅";
				INFOPLIST_KEY_LSApplicationCategoryType = "public.app-category.lifestyle";
				INFOPLIST_KEY_NSCameraUsageDescription = "QR 스캔을 하려면 카메라를 허용해야 합니다.";
				INFOPLIST_KEY_NSFaceIDUsageDescription = "생체인증을 허용하시겠습니까?";
				INFOPLIST_KEY_UIApplicationSceneManifest_Generation = YES;
				INFOPLIST_KEY_UILaunchScreen_Generation = YES;
				INFOPLIST_KEY_UISupportedInterfaceOrientations = UIInterfaceOrientationPortrait;
				INFOPLIST_KEY_UISupportedInterfaceOrientations_iPad = "UIInterfaceOrientationLandscapeLeft UIInterfaceOrientationLandscapeRight UIInterfaceOrientationPortrait UIInterfaceOrientationPortraitUpsideDown";
				IPHONEOS_DEPLOYMENT_TARGET = 15.0;
				LD_RUNPATH_SEARCH_PATHS = (
					"$(inherited)",
					"@executable_path/Frameworks",
				);
				MARKETING_VERSION = 1.0.2;
				PRODUCT_BUNDLE_IDENTIFIER = kr.hs.dgsw.Qvick;
				PRODUCT_NAME = "$(TARGET_NAME)";
				SUPPORTED_PLATFORMS = "iphoneos iphonesimulator";
				SUPPORTS_MACCATALYST = NO;
				SUPPORTS_MAC_DESIGNED_FOR_IPHONE_IPAD = NO;
				SUPPORTS_XR_DESIGNED_FOR_IPHONE_IPAD = NO;
				SWIFT_EMIT_LOC_STRINGS = YES;
				SWIFT_VERSION = 5.0;
				TARGETED_DEVICE_FAMILY = 1;
			};
			name = Release;
		};
/* End XCBuildConfiguration section */

/* Begin XCConfigurationList section */
		7509BB0C2B4B88A5005A62AD /* Build configuration list for PBXProject "QVick" */ = {
			isa = XCConfigurationList;
			buildConfigurations = (
				7509BB1D2B4B88A7005A62AD /* Debug */,
				7509BB1E2B4B88A7005A62AD /* Release */,
			);
			defaultConfigurationIsVisible = 0;
			defaultConfigurationName = Release;
		};
		7509BB1F2B4B88A7005A62AD /* Build configuration list for PBXNativeTarget "QVick" */ = {
			isa = XCConfigurationList;
			buildConfigurations = (
				7509BB202B4B88A7005A62AD /* Debug */,
				7509BB212B4B88A7005A62AD /* Release */,
			);
			defaultConfigurationIsVisible = 0;
			defaultConfigurationName = Release;
		};
/* End XCConfigurationList section */

/* Begin XCRemoteSwiftPackageReference section */
		4209339D2BFCA34200172010 /* XCRemoteSwiftPackageReference "firebase-ios-sdk" */ = {
			isa = XCRemoteSwiftPackageReference;
			repositoryURL = "https://github.com/firebase/firebase-ios-sdk";
			requirement = {
				kind = upToNextMajorVersion;
				minimumVersion = 10.26.0;
			};
		};
		7513C51E2B57753D00A198E3 /* XCRemoteSwiftPackageReference "Alamofire" */ = {
			isa = XCRemoteSwiftPackageReference;
			repositoryURL = "https://github.com/Alamofire/Alamofire";
			requirement = {
				kind = upToNextMajorVersion;
				minimumVersion = 5.8.1;
			};
		};
		75ECC4182B579F7300C26726 /* XCRemoteSwiftPackageReference "GoogleSignIn-iOS" */ = {
			isa = XCRemoteSwiftPackageReference;
			repositoryURL = "https://github.com/google/GoogleSignIn-iOS";
			requirement = {
				kind = upToNextMajorVersion;
				minimumVersion = 7.0.0;
			};
		};
/* End XCRemoteSwiftPackageReference section */

/* Begin XCSwiftPackageProductDependency section */
		420933A02BFCA54200172010 /* FirebaseMessaging */ = {
			isa = XCSwiftPackageProductDependency;
			package = 4209339D2BFCA34200172010 /* XCRemoteSwiftPackageReference "firebase-ios-sdk" */;
			productName = FirebaseMessaging;
		};
		7513C51F2B57753D00A198E3 /* Alamofire */ = {
			isa = XCSwiftPackageProductDependency;
			package = 7513C51E2B57753D00A198E3 /* XCRemoteSwiftPackageReference "Alamofire" */;
			productName = Alamofire;
		};
		75ECC4192B579F7300C26726 /* GoogleSignIn */ = {
			isa = XCSwiftPackageProductDependency;
			package = 75ECC4182B579F7300C26726 /* XCRemoteSwiftPackageReference "GoogleSignIn-iOS" */;
			productName = GoogleSignIn;
		};
		75ECC41B2B579F7300C26726 /* GoogleSignInSwift */ = {
			isa = XCSwiftPackageProductDependency;
			package = 75ECC4182B579F7300C26726 /* XCRemoteSwiftPackageReference "GoogleSignIn-iOS" */;
			productName = GoogleSignInSwift;
		};
/* End XCSwiftPackageProductDependency section */
	};
	rootObject = 7509BB092B4B88A5005A62AD /* Project object */;
}
